// !$*UTF8*$!
{
	archiveVersion = 1;
	classes = {
	};
	objectVersion = 46;
	objects = {

/* Begin PBXBuildFile section */
		5501E0A71EA7399400E24F63 /* IRANSans(FaNum)_Bold.ttf in Resources */ = {isa = PBXBuildFile; fileRef = 5501E0A21EA7399400E24F63 /* IRANSans(FaNum)_Bold.ttf */; };
		5501E0A81EA7399400E24F63 /* IRANSans(FaNum)_Light.ttf in Resources */ = {isa = PBXBuildFile; fileRef = 5501E0A31EA7399400E24F63 /* IRANSans(FaNum)_Light.ttf */; };
		5501E0A91EA7399400E24F63 /* IRANSans(FaNum)_Medium.ttf in Resources */ = {isa = PBXBuildFile; fileRef = 5501E0A41EA7399400E24F63 /* IRANSans(FaNum)_Medium.ttf */; };
		5501E0AA1EA7399400E24F63 /* IRANSans(FaNum)_UltraLight.ttf in Resources */ = {isa = PBXBuildFile; fileRef = 5501E0A51EA7399400E24F63 /* IRANSans(FaNum)_UltraLight.ttf */; };
		5501E0AB1EA7399400E24F63 /* IRANSans(FaNum).ttf in Resources */ = {isa = PBXBuildFile; fileRef = 5501E0A61EA7399400E24F63 /* IRANSans(FaNum).ttf */; };
		5509361A1EBA1AA40015C251 /* PeriodNoteModel.swift in Sources */ = {isa = PBXBuildFile; fileRef = 550936191EBA1AA40015C251 /* PeriodNoteModel.swift */; };
		555ACE171EBA356A00E3D5F1 /* Realm.framework in Frameworks */ = {isa = PBXBuildFile; fileRef = 556FA0AA1EAF26B6000798A9 /* Realm.framework */; };
		555ACE181EBA356A00E3D5F1 /* Realm.framework in Embed Frameworks */ = {isa = PBXBuildFile; fileRef = 556FA0AA1EAF26B6000798A9 /* Realm.framework */; settings = {ATTRIBUTES = (CodeSignOnCopy, RemoveHeadersOnCopy, ); }; };
		555ACE191EBA356A00E3D5F1 /* RealmSwift.framework in Frameworks */ = {isa = PBXBuildFile; fileRef = 556FA0AB1EAF26B6000798A9 /* RealmSwift.framework */; };
		555ACE1A1EBA356A00E3D5F1 /* RealmSwift.framework in Embed Frameworks */ = {isa = PBXBuildFile; fileRef = 556FA0AB1EAF26B6000798A9 /* RealmSwift.framework */; settings = {ATTRIBUTES = (CodeSignOnCopy, RemoveHeadersOnCopy, ); }; };
		555BF6711EB78CBF0035A9BD /* LogPeriodViewController.swift in Sources */ = {isa = PBXBuildFile; fileRef = 555BF6701EB78CBF0035A9BD /* LogPeriodViewController.swift */; };
		55C17D031E7C728300B844F2 /* ImagesViewController.swift in Sources */ = {isa = PBXBuildFile; fileRef = 55C17D021E7C728300B844F2 /* ImagesViewController.swift */; };
		55CF92FF1E771B7800BC772B /* AppDelegate.swift in Sources */ = {isa = PBXBuildFile; fileRef = 55CF92FE1E771B7800BC772B /* AppDelegate.swift */; };
		55CF93041E771B7800BC772B /* Main.storyboard in Resources */ = {isa = PBXBuildFile; fileRef = 55CF93021E771B7800BC772B /* Main.storyboard */; };
		55CF93061E771B7800BC772B /* Assets.xcassets in Resources */ = {isa = PBXBuildFile; fileRef = 55CF93051E771B7800BC772B /* Assets.xcassets */; };
		55CF93091E771B7800BC772B /* LaunchScreen.storyboard in Resources */ = {isa = PBXBuildFile; fileRef = 55CF93071E771B7800BC772B /* LaunchScreen.storyboard */; };
		55D1EC991E864C5D005C1CA3 /* CircleViewController.swift in Sources */ = {isa = PBXBuildFile; fileRef = 55D1EC981E864C5D005C1CA3 /* CircleViewController.swift */; };
		55F839321E7D40D600A390A4 /* DayViewCell.swift in Sources */ = {isa = PBXBuildFile; fileRef = 55F839311E7D40D600A390A4 /* DayViewCell.swift */; };
/* End PBXBuildFile section */

/* Begin PBXCopyFilesBuildPhase section */
		555ACE1B1EBA356A00E3D5F1 /* Embed Frameworks */ = {
			isa = PBXCopyFilesBuildPhase;
			buildActionMask = 2147483647;
			dstPath = "";
			dstSubfolderSpec = 10;
			files = (
				555ACE1A1EBA356A00E3D5F1 /* RealmSwift.framework in Embed Frameworks */,
				555ACE181EBA356A00E3D5F1 /* Realm.framework in Embed Frameworks */,
			);
			name = "Embed Frameworks";
			runOnlyForDeploymentPostprocessing = 0;
		};
/* End PBXCopyFilesBuildPhase section */

/* Begin PBXFileReference section */
		5501E0A21EA7399400E24F63 /* IRANSans(FaNum)_Bold.ttf */ = {isa = PBXFileReference; lastKnownFileType = file; name = "IRANSans(FaNum)_Bold.ttf"; path = "../../Google Drive/IRANSans Fonts/IRANSans4/IRANSans4/Farsi_numerals_(Non Standard)/IRANSans(FaNum)_Bold.ttf"; sourceTree = "<group>"; };
		5501E0A31EA7399400E24F63 /* IRANSans(FaNum)_Light.ttf */ = {isa = PBXFileReference; lastKnownFileType = file; name = "IRANSans(FaNum)_Light.ttf"; path = "../../Google Drive/IRANSans Fonts/IRANSans4/IRANSans4/Farsi_numerals_(Non Standard)/IRANSans(FaNum)_Light.ttf"; sourceTree = "<group>"; };
		5501E0A41EA7399400E24F63 /* IRANSans(FaNum)_Medium.ttf */ = {isa = PBXFileReference; lastKnownFileType = file; name = "IRANSans(FaNum)_Medium.ttf"; path = "../../Google Drive/IRANSans Fonts/IRANSans4/IRANSans4/Farsi_numerals_(Non Standard)/IRANSans(FaNum)_Medium.ttf"; sourceTree = "<group>"; };
		5501E0A51EA7399400E24F63 /* IRANSans(FaNum)_UltraLight.ttf */ = {isa = PBXFileReference; lastKnownFileType = file; name = "IRANSans(FaNum)_UltraLight.ttf"; path = "../../Google Drive/IRANSans Fonts/IRANSans4/IRANSans4/Farsi_numerals_(Non Standard)/IRANSans(FaNum)_UltraLight.ttf"; sourceTree = "<group>"; };
		5501E0A61EA7399400E24F63 /* IRANSans(FaNum).ttf */ = {isa = PBXFileReference; lastKnownFileType = file; name = "IRANSans(FaNum).ttf"; path = "../../Google Drive/IRANSans Fonts/IRANSans4/IRANSans4/Farsi_numerals_(Non Standard)/IRANSans(FaNum).ttf"; sourceTree = "<group>"; };
		550936191EBA1AA40015C251 /* PeriodNoteModel.swift */ = {isa = PBXFileReference; fileEncoding = 4; lastKnownFileType = sourcecode.swift; path = PeriodNoteModel.swift; sourceTree = "<group>"; };
		555BF6701EB78CBF0035A9BD /* LogPeriodViewController.swift */ = {isa = PBXFileReference; fileEncoding = 4; lastKnownFileType = sourcecode.swift; path = LogPeriodViewController.swift; sourceTree = "<group>"; };
		556FA0AA1EAF26B6000798A9 /* Realm.framework */ = {isa = PBXFileReference; lastKnownFileType = wrapper.framework; path = Realm.framework; sourceTree = "<group>"; };
		556FA0AB1EAF26B6000798A9 /* RealmSwift.framework */ = {isa = PBXFileReference; lastKnownFileType = wrapper.framework; path = RealmSwift.framework; sourceTree = "<group>"; };
		55C17D021E7C728300B844F2 /* ImagesViewController.swift */ = {isa = PBXFileReference; fileEncoding = 4; lastKnownFileType = sourcecode.swift; path = ImagesViewController.swift; sourceTree = "<group>"; };
		55CF92FB1E771B7800BC772B /* Period Tracker.app */ = {isa = PBXFileReference; explicitFileType = wrapper.application; includeInIndex = 0; path = "Period Tracker.app"; sourceTree = BUILT_PRODUCTS_DIR; };
		55CF92FE1E771B7800BC772B /* AppDelegate.swift */ = {isa = PBXFileReference; lastKnownFileType = sourcecode.swift; path = AppDelegate.swift; sourceTree = "<group>"; };
		55CF93031E771B7800BC772B /* Base */ = {isa = PBXFileReference; lastKnownFileType = file.storyboard; name = Base; path = Base.lproj/Main.storyboard; sourceTree = "<group>"; };
		55CF93051E771B7800BC772B /* Assets.xcassets */ = {isa = PBXFileReference; lastKnownFileType = folder.assetcatalog; path = Assets.xcassets; sourceTree = "<group>"; };
		55CF93081E771B7800BC772B /* Base */ = {isa = PBXFileReference; lastKnownFileType = file.storyboard; name = Base; path = Base.lproj/LaunchScreen.storyboard; sourceTree = "<group>"; };
		55CF930A1E771B7800BC772B /* Info.plist */ = {isa = PBXFileReference; lastKnownFileType = text.plist.xml; path = Info.plist; sourceTree = "<group>"; };
		55D1EC981E864C5D005C1CA3 /* CircleViewController.swift */ = {isa = PBXFileReference; fileEncoding = 4; lastKnownFileType = sourcecode.swift; path = CircleViewController.swift; sourceTree = "<group>"; };
		55F839311E7D40D600A390A4 /* DayViewCell.swift */ = {isa = PBXFileReference; fileEncoding = 4; lastKnownFileType = sourcecode.swift; path = DayViewCell.swift; sourceTree = "<group>"; };
/* End PBXFileReference section */

/* Begin PBXFrameworksBuildPhase section */
		55CF92F81E771B7800BC772B /* Frameworks */ = {
			isa = PBXFrameworksBuildPhase;
			buildActionMask = 2147483647;
			files = (
				555ACE191EBA356A00E3D5F1 /* RealmSwift.framework in Frameworks */,
				555ACE171EBA356A00E3D5F1 /* Realm.framework in Frameworks */,
			);
			runOnlyForDeploymentPostprocessing = 0;
		};
/* End PBXFrameworksBuildPhase section */

/* Begin PBXGroup section */
		5501E0971EA7301200E24F63 /* Resources */ = {
			isa = PBXGroup;
			children = (
				5501E0A21EA7399400E24F63 /* IRANSans(FaNum)_Bold.ttf */,
				5501E0A31EA7399400E24F63 /* IRANSans(FaNum)_Light.ttf */,
				5501E0A41EA7399400E24F63 /* IRANSans(FaNum)_Medium.ttf */,
				5501E0A51EA7399400E24F63 /* IRANSans(FaNum)_UltraLight.ttf */,
				5501E0A61EA7399400E24F63 /* IRANSans(FaNum).ttf */,
			);
			name = Resources;
			sourceTree = "<group>";
		};
		556FA0B21EAF28F0000798A9 /* model */ = {
			isa = PBXGroup;
			children = (
				550936191EBA1AA40015C251 /* PeriodNoteModel.swift */,
			);
			name = model;
			sourceTree = "<group>";
		};
		55C17CFF1E7C700300B844F2 /* controllers */ = {
			isa = PBXGroup;
			children = (
				55C17D021E7C728300B844F2 /* ImagesViewController.swift */,
				55D1EC981E864C5D005C1CA3 /* CircleViewController.swift */,
				555BF6701EB78CBF0035A9BD /* LogPeriodViewController.swift */,
			);
			name = controllers;
			sourceTree = "<group>";
		};
		55CF92F21E771B7800BC772B = {
			isa = PBXGroup;
			children = (
				556FA0AA1EAF26B6000798A9 /* Realm.framework */,
				556FA0AB1EAF26B6000798A9 /* RealmSwift.framework */,
				5501E0971EA7301200E24F63 /* Resources */,
				55CF92FD1E771B7800BC772B /* PeriodTracker */,
				55CF92FC1E771B7800BC772B /* Products */,
			);
			sourceTree = "<group>";
		};
		55CF92FC1E771B7800BC772B /* Products */ = {
			isa = PBXGroup;
			children = (
				55CF92FB1E771B7800BC772B /* Period Tracker.app */,
			);
			name = Products;
			sourceTree = "<group>";
		};
		55CF92FD1E771B7800BC772B /* PeriodTracker */ = {
			isa = PBXGroup;
			children = (
				556FA0B21EAF28F0000798A9 /* model */,
				55F839301E7D409200A390A4 /* cells */,
				55C17CFF1E7C700300B844F2 /* controllers */,
				55CF92FE1E771B7800BC772B /* AppDelegate.swift */,
				55CF93021E771B7800BC772B /* Main.storyboard */,
				55CF93051E771B7800BC772B /* Assets.xcassets */,
				55CF93071E771B7800BC772B /* LaunchScreen.storyboard */,
				55CF930A1E771B7800BC772B /* Info.plist */,
			);
			path = PeriodTracker;
			sourceTree = "<group>";
		};
		55F839301E7D409200A390A4 /* cells */ = {
			isa = PBXGroup;
			children = (
				55F839311E7D40D600A390A4 /* DayViewCell.swift */,
			);
			name = cells;
			sourceTree = "<group>";
		};
/* End PBXGroup section */

/* Begin PBXNativeTarget section */
		55CF92FA1E771B7800BC772B /* Period Tracker */ = {
			isa = PBXNativeTarget;
			buildConfigurationList = 55CF930D1E771B7800BC772B /* Build configuration list for PBXNativeTarget "Period Tracker" */;
			buildPhases = (
				55CF92F71E771B7800BC772B /* Sources */,
				55CF92F81E771B7800BC772B /* Frameworks */,
				55CF92F91E771B7800BC772B /* Resources */,
				556FA0B11EAF2899000798A9 /* ShellScript */,
				555ACE1B1EBA356A00E3D5F1 /* Embed Frameworks */,
			);
			buildRules = (
			);
			dependencies = (
			);
			name = "Period Tracker";
			productName = Test;
			productReference = 55CF92FB1E771B7800BC772B /* Period Tracker.app */;
			productType = "com.apple.product-type.application";
		};
/* End PBXNativeTarget section */

/* Begin PBXProject section */
		55CF92F31E771B7800BC772B /* Project object */ = {
			isa = PBXProject;
			attributes = {
				LastSwiftUpdateCheck = 0820;
				LastUpgradeCheck = 0820;
				ORGANIZATIONNAME = "Mahdiar ";
				TargetAttributes = {
					55CF92FA1E771B7800BC772B = {
						CreatedOnToolsVersion = 8.2.1;
						DevelopmentTeam = JBW63E2G5G;
						ProvisioningStyle = Automatic;
					};
				};
			};
			buildConfigurationList = 55CF92F61E771B7800BC772B /* Build configuration list for PBXProject "Period Tracker" */;
			compatibilityVersion = "Xcode 3.2";
			developmentRegion = English;
			hasScannedForEncodings = 0;
			knownRegions = (
				en,
				Base,
			);
			mainGroup = 55CF92F21E771B7800BC772B;
			productRefGroup = 55CF92FC1E771B7800BC772B /* Products */;
			projectDirPath = "";
			projectRoot = "";
			targets = (
				55CF92FA1E771B7800BC772B /* Period Tracker */,
			);
		};
/* End PBXProject section */

/* Begin PBXResourcesBuildPhase section */
		55CF92F91E771B7800BC772B /* Resources */ = {
			isa = PBXResourcesBuildPhase;
			buildActionMask = 2147483647;
			files = (
				55CF93091E771B7800BC772B /* LaunchScreen.storyboard in Resources */,
				55CF93061E771B7800BC772B /* Assets.xcassets in Resources */,
				5501E0A71EA7399400E24F63 /* IRANSans(FaNum)_Bold.ttf in Resources */,
				5501E0A81EA7399400E24F63 /* IRANSans(FaNum)_Light.ttf in Resources */,
				5501E0A91EA7399400E24F63 /* IRANSans(FaNum)_Medium.ttf in Resources */,
				5501E0AA1EA7399400E24F63 /* IRANSans(FaNum)_UltraLight.ttf in Resources */,
				5501E0AB1EA7399400E24F63 /* IRANSans(FaNum).ttf in Resources */,
				55CF93041E771B7800BC772B /* Main.storyboard in Resources */,
			);
			runOnlyForDeploymentPostprocessing = 0;
		};
/* End PBXResourcesBuildPhase section */

/* Begin PBXShellScriptBuildPhase section */
		556FA0B11EAF2899000798A9 /* ShellScript */ = {
			isa = PBXShellScriptBuildPhase;
			buildActionMask = 2147483647;
			files = (
			);
			inputPaths = (
			);
			outputPaths = (
			);
			runOnlyForDeploymentPostprocessing = 0;
			shellPath = /bin/sh;
			shellScript = "bash \"${BUILT_PRODUCTS_DIR}/${FRAMEWORKS_FOLDER_PATH}/Realm.framework/strip-frameworks.sh\"";
		};
/* End PBXShellScriptBuildPhase section */

/* Begin PBXSourcesBuildPhase section */
		55CF92F71E771B7800BC772B /* Sources */ = {
			isa = PBXSourcesBuildPhase;
			buildActionMask = 2147483647;
			files = (
				5509361A1EBA1AA40015C251 /* PeriodNoteModel.swift in Sources */,
				55C17D031E7C728300B844F2 /* ImagesViewController.swift in Sources */,
				55CF92FF1E771B7800BC772B /* AppDelegate.swift in Sources */,
				55D1EC991E864C5D005C1CA3 /* CircleViewController.swift in Sources */,
				55F839321E7D40D600A390A4 /* DayViewCell.swift in Sources */,
				555BF6711EB78CBF0035A9BD /* LogPeriodViewController.swift in Sources */,
			);
			runOnlyForDeploymentPostprocessing = 0;
		};
/* End PBXSourcesBuildPhase section */

/* Begin PBXVariantGroup section */
		55CF93021E771B7800BC772B /* Main.storyboard */ = {
			isa = PBXVariantGroup;
			children = (
				55CF93031E771B7800BC772B /* Base */,
			);
			name = Main.storyboard;
			sourceTree = "<group>";
		};
		55CF93071E771B7800BC772B /* LaunchScreen.storyboard */ = {
			isa = PBXVariantGroup;
			children = (
				55CF93081E771B7800BC772B /* Base */,
			);
			name = LaunchScreen.storyboard;
			sourceTree = "<group>";
		};
/* End PBXVariantGroup section */

/* Begin XCBuildConfiguration section */
		55CF930B1E771B7800BC772B /* Debug */ = {
			isa = XCBuildConfiguration;
			buildSettings = {
				ALWAYS_SEARCH_USER_PATHS = NO;
				CLANG_ANALYZER_NONNULL = YES;
				CLANG_CXX_LANGUAGE_STANDARD = "gnu++0x";
				CLANG_CXX_LIBRARY = "libc++";
				CLANG_ENABLE_MODULES = YES;
				CLANG_ENABLE_OBJC_ARC = YES;
				CLANG_WARN_BOOL_CONVERSION = YES;
				CLANG_WARN_CONSTANT_CONVERSION = YES;
				CLANG_WARN_DIRECT_OBJC_ISA_USAGE = YES_ERROR;
				CLANG_WARN_DOCUMENTATION_COMMENTS = YES;
				CLANG_WARN_EMPTY_BODY = YES;
				CLANG_WARN_ENUM_CONVERSION = YES;
				CLANG_WARN_INFINITE_RECURSION = YES;
				CLANG_WARN_INT_CONVERSION = YES;
				CLANG_WARN_OBJC_ROOT_CLASS = YES_ERROR;
				CLANG_WARN_SUSPICIOUS_MOVE = YES;
				CLANG_WARN_UNREACHABLE_CODE = YES;
				CLANG_WARN__DUPLICATE_METHOD_MATCH = YES;
				"CODE_SIGN_IDENTITY[sdk=iphoneos*]" = "iPhone Developer";
				COPY_PHASE_STRIP = NO;
				DEBUG_INFORMATION_FORMAT = dwarf;
				ENABLE_STRICT_OBJC_MSGSEND = YES;
				ENABLE_TESTABILITY = YES;
				GCC_C_LANGUAGE_STANDARD = gnu99;
				GCC_DYNAMIC_NO_PIC = NO;
				GCC_NO_COMMON_BLOCKS = YES;
				GCC_OPTIMIZATION_LEVEL = 0;
				GCC_PREPROCESSOR_DEFINITIONS = (
					"DEBUG=1",
					"$(inherited)",
				);
				GCC_WARN_64_TO_32_BIT_CONVERSION = YES;
				GCC_WARN_ABOUT_RETURN_TYPE = YES_ERROR;
				GCC_WARN_UNDECLARED_SELECTOR = YES;
				GCC_WARN_UNINITIALIZED_AUTOS = YES_AGGRESSIVE;
				GCC_WARN_UNUSED_FUNCTION = YES;
				GCC_WARN_UNUSED_VARIABLE = YES;
				IPHONEOS_DEPLOYMENT_TARGET = 9.0;
				MTL_ENABLE_DEBUG_INFO = YES;
				ONLY_ACTIVE_ARCH = YES;
				SDKROOT = iphoneos;
				SWIFT_ACTIVE_COMPILATION_CONDITIONS = DEBUG;
				SWIFT_OPTIMIZATION_LEVEL = "-Onone";
			};
			name = Debug;
		};
		55CF930C1E771B7800BC772B /* Release */ = {
			isa = XCBuildConfiguration;
			buildSettings = {
				ALWAYS_SEARCH_USER_PATHS = NO;
				CLANG_ANALYZER_NONNULL = YES;
				CLANG_CXX_LANGUAGE_STANDARD = "gnu++0x";
				CLANG_CXX_LIBRARY = "libc++";
				CLANG_ENABLE_MODULES = YES;
				CLANG_ENABLE_OBJC_ARC = YES;
				CLANG_WARN_BOOL_CONVERSION = YES;
				CLANG_WARN_CONSTANT_CONVERSION = YES;
				CLANG_WARN_DIRECT_OBJC_ISA_USAGE = YES_ERROR;
				CLANG_WARN_DOCUMENTATION_COMMENTS = YES;
				CLANG_WARN_EMPTY_BODY = YES;
				CLANG_WARN_ENUM_CONVERSION = YES;
				CLANG_WARN_INFINITE_RECURSION = YES;
				CLANG_WARN_INT_CONVERSION = YES;
				CLANG_WARN_OBJC_ROOT_CLASS = YES_ERROR;
				CLANG_WARN_SUSPICIOUS_MOVE = YES;
				CLANG_WARN_UNREACHABLE_CODE = YES;
				CLANG_WARN__DUPLICATE_METHOD_MATCH = YES;
				"CODE_SIGN_IDENTITY[sdk=iphoneos*]" = "iPhone Developer";
				COPY_PHASE_STRIP = NO;
				DEBUG_INFORMATION_FORMAT = "dwarf-with-dsym";
				ENABLE_NS_ASSERTIONS = NO;
				ENABLE_STRICT_OBJC_MSGSEND = YES;
				GCC_C_LANGUAGE_STANDARD = gnu99;
				GCC_NO_COMMON_BLOCKS = YES;
				GCC_WARN_64_TO_32_BIT_CONVERSION = YES;
				GCC_WARN_ABOUT_RETURN_TYPE = YES_ERROR;
				GCC_WARN_UNDECLARED_SELECTOR = YES;
				GCC_WARN_UNINITIALIZED_AUTOS = YES_AGGRESSIVE;
				GCC_WARN_UNUSED_FUNCTION = YES;
				GCC_WARN_UNUSED_VARIABLE = YES;
				IPHONEOS_DEPLOYMENT_TARGET = 9.0;
				MTL_ENABLE_DEBUG_INFO = NO;
				SDKROOT = iphoneos;
				SWIFT_OPTIMIZATION_LEVEL = "-Owholemodule";
				VALIDATE_PRODUCT = YES;
			};
			name = Release;
		};
		55CF930E1E771B7800BC772B /* Debug */ = {
			isa = XCBuildConfiguration;
			buildSettings = {
				ASSETCATALOG_COMPILER_APPICON_NAME = AppIcon;
				DEVELOPMENT_TEAM = JBW63E2G5G;
				FRAMEWORK_SEARCH_PATHS = (
					"$(inherited)",
					"$(PROJECT_DIR)",
				);
				INFOPLIST_FILE = PeriodTracker/Info.plist;
				IPHONEOS_DEPLOYMENT_TARGET = 9.0;
				LD_RUNPATH_SEARCH_PATHS = "$(inherited) @executable_path/Frameworks";
				PRODUCT_BUNDLE_IDENTIFIER = ir.mahdiyar.periodtracker;
				PRODUCT_NAME = "$(TARGET_NAME)";
				SWIFT_VERSION = 3.0;
			};
			name = Debug;
		};
		55CF930F1E771B7800BC772B /* Release */ = {
			isa = XCBuildConfiguration;
			buildSettings = {
				ASSETCATALOG_COMPILER_APPICON_NAME = AppIcon;
				DEVELOPMENT_TEAM = JBW63E2G5G;
				FRAMEWORK_SEARCH_PATHS = (
					"$(inherited)",
					"$(PROJECT_DIR)",
				);
				INFOPLIST_FILE = PeriodTracker/Info.plist;
				IPHONEOS_DEPLOYMENT_TARGET = 9.0;
				LD_RUNPATH_SEARCH_PATHS = "$(inherited) @executable_path/Frameworks";
				PRODUCT_BUNDLE_IDENTIFIER = ir.mahdiyar.periodtracker;
				PRODUCT_NAME = "$(TARGET_NAME)";
				SWIFT_VERSION = 3.0;
			};
			name = Release;
		};
/* End XCBuildConfiguration section */

/* Begin XCConfigurationList section */
		55CF92F61E771B7800BC772B /* Build configuration list for PBXProject "Period Tracker" */ = {
			isa = XCConfigurationList;
			buildConfigurations = (
				55CF930B1E771B7800BC772B /* Debug */,
				55CF930C1E771B7800BC772B /* Release */,
			);
			defaultConfigurationIsVisible = 0;
			defaultConfigurationName = Release;
		};
		55CF930D1E771B7800BC772B /* Build configuration list for PBXNativeTarget "Period Tracker" */ = {
			isa = XCConfigurationList;
			buildConfigurations = (
				55CF930E1E771B7800BC772B /* Debug */,
				55CF930F1E771B7800BC772B /* Release */,
			);
			defaultConfigurationIsVisible = 0;
			defaultConfigurationName = Release;
		};
/* End XCConfigurationList section */
	};
	rootObject = 55CF92F31E771B7800BC772B /* Project object */;
}
